{
  "name": "10k-challenge",
  "version": "1.0.0",
  "lockfileVersion": 2,
  "requires": true,
  "packages": {
    "": {
      "version": "1.0.0",
      "license": "ISC",
      "dependencies": {
        "@tinyhttp/app": "^1.3.8",
        "sirv": "^1.0.12"
      }
    },
    "node_modules/@polka/url": {
      "version": "1.0.0-next.15",
      "resolved": "https://registry.npmjs.org/@polka/url/-/url-1.0.0-next.15.tgz",
      "integrity": "sha512-15spi3V28QdevleWBNXE4pIls3nFZmBbUGrW9IVPwiQczuSb9n76TCB4bsk8TSel+I1OkHEdPhu5QKMfY6rQHA=="
    },
    "node_modules/@tinyhttp/accepts": {
      "version": "1.3.0",
      "resolved": "https://registry.npmjs.org/@tinyhttp/accepts/-/accepts-1.3.0.tgz",
      "integrity": "sha512-YaJ4EMgVUI6JHzWO14lr6vn/BLJEoFN4Sqd20l0/oBcLLENkP8gnPtX1jB7OhIu0AE40VCweAqvSP+0/pgzB1g==",
      "dependencies": {
        "es-mime-types": "^0.0.16",
        "negotiator": "^0.6.2"
      },
      "engines": {
        "node": ">=12.4.0"
      },
      "funding": {
        "type": "individual",
        "url": "https://github.com/talentlessguy/tinyhttp?sponsor=1"
      }
    },
    "node_modules/@tinyhttp/app": {
      "version": "1.3.8",
      "resolved": "https://registry.npmjs.org/@tinyhttp/app/-/app-1.3.8.tgz",
      "integrity": "sha512-qPM8Ga6B6Z3h3KvFksKaPvS2GfqPcmO22T3/cBrueytmfUlFPbg1hLU67GCrIcHTAPtIotEIJLB5Lc9oN6GkTg==",
      "dependencies": {
        "@tinyhttp/cookie": "1.3.0",
        "@tinyhttp/proxy-addr": "1.3.0",
        "@tinyhttp/req": "1.3.1",
        "@tinyhttp/res": "1.3.1",
        "@tinyhttp/router": "1.3.3",
        "regexparam": "^2.0.0"
      },
      "engines": {
        "node": ">=12.x"
      },
      "funding": {
        "type": "individual",
        "url": "https://github.com/talentlessguy/tinyhttp?sponsor=1"
      }
    },
    "node_modules/@tinyhttp/content-disposition": {
      "version": "1.3.0",
      "resolved": "https://registry.npmjs.org/@tinyhttp/content-disposition/-/content-disposition-1.3.0.tgz",
      "integrity": "sha512-sSj7YDVz7NcHDn6/O/I3WjtC8ZWJKKIGULoV+pgrLvJvtXK5WroE1Fm8rHRQewh2d9NMajh/7NX6NuSlF8LUaQ==",
      "engines": {
        "node": ">=12.4.0"
      },
      "funding": {
        "type": "individual",
        "url": "https://github.com/talentlessguy/tinyhttp?sponsor=1"
      }
    },
    "node_modules/@tinyhttp/cookie": {
      "version": "1.3.0",
      "resolved": "https://registry.npmjs.org/@tinyhttp/cookie/-/cookie-1.3.0.tgz",
      "integrity": "sha512-4ZVfP8WApV9ZRchv/1i0QiKdP0wxWTUNv4ZsMQrqK0p1KXA0/SvpYUTS6bp1E6Yo0dNxcKte4wJ4FCWFDcShhQ==",
      "engines": {
        "node": ">=12.4.0"
      },
      "funding": {
        "type": "individual",
        "url": "https://github.com/talentlessguy/tinyhttp?sponsor=1"
      }
    },
    "node_modules/@tinyhttp/cookie-signature": {
      "version": "1.3.0",
      "resolved": "https://registry.npmjs.org/@tinyhttp/cookie-signature/-/cookie-signature-1.3.0.tgz",
      "integrity": "sha512-xCQZyCT1S/Rn2Z3SX2gp4IDAwW9AUnjky6hKvqzmMaQqEbIk7e2GCOXW5yjndbfGNTJAxj0tuLNMF4G8aLkfMw==",
      "engines": {
        "node": ">=12.4.0"
      }
    },
    "node_modules/@tinyhttp/encode-url": {
      "version": "0.3.0",
      "resolved": "https://registry.npmjs.org/@tinyhttp/encode-url/-/encode-url-0.3.0.tgz",
      "integrity": "sha512-QM5j5t0GLucBuBePoOilcz1/zDpqX+LtUdtkPn7IvoHTNJYNxEfSUmIMPUPhyVY7mvbwvafPUCK8u1Byx0+NfQ==",
      "engines": {
        "node": ">=12.4.0"
      }
    },
    "node_modules/@tinyhttp/etag": {
      "version": "1.3.0",
      "resolved": "https://registry.npmjs.org/@tinyhttp/etag/-/etag-1.3.0.tgz",
      "integrity": "sha512-aWnDb4NuMf/UTm1H88rZgqu32E6t3iDHSHtAppiQCH4M7jRfTUEpiZjz//S+giDnOxAuYttLrXQ1+HGpgzyYUQ==",
      "engines": {
        "node": ">=12.4.0"
      }
    },
    "node_modules/@tinyhttp/forwarded": {
      "version": "1.3.0",
      "resolved": "https://registry.npmjs.org/@tinyhttp/forwarded/-/forwarded-1.3.0.tgz",
      "integrity": "sha512-U2FPtOH+DoFtd98edMRyqiquRaiuEl5I2PMUWdKaBSpiAIR96buyanQ7hScenz1MihK0AVid7wLAviaJU+Xlyg==",
      "engines": {
        "node": ">=12.4.0"
      }
    },
    "node_modules/@tinyhttp/proxy-addr": {
      "version": "1.3.0",
      "resolved": "https://registry.npmjs.org/@tinyhttp/proxy-addr/-/proxy-addr-1.3.0.tgz",
      "integrity": "sha512-7Kv6YIC/PlhUwyqAGXhg4DoQDOzbYlcGPkNv/KZAMFj9fZ6IEZyneyaClnD21hMT8qa7g3Z/66hxLa/WxiPAYA==",
      "dependencies": {
        "@tinyhttp/forwarded": "^1.3.0",
        "ipaddr.js": "^2.0.0"
      },
      "engines": {
        "node": ">=12.4.0"
      }
    },
    "node_modules/@tinyhttp/req": {
      "version": "1.3.1",
      "resolved": "https://registry.npmjs.org/@tinyhttp/req/-/req-1.3.1.tgz",
      "integrity": "sha512-nNIf3OGBtiQ9WRdqAH/cqwRXgIjQi9oQYslHdGsOzu79MZRvbkco+6FUEYvkQ9N6rLfAL+xjAXkCUk+gDJ0eLA==",
      "dependencies": {
        "@tinyhttp/accepts": "1.3.0",
        "@tinyhttp/type-is": "1.3.0",
        "@tinyhttp/url": "1.3.1",
        "es-fresh": "^0.0.8",
        "range-parser": "^1.2.1"
      },
      "engines": {
        "node": ">=12.4.0"
      }
    },
    "node_modules/@tinyhttp/res": {
      "version": "1.3.1",
      "resolved": "https://registry.npmjs.org/@tinyhttp/res/-/res-1.3.1.tgz",
      "integrity": "sha512-HwPZ0m5xLpmK/5rePsrUbhdoh+WadG6TTk3TMnyY3OKwtziPKOXA3EV9r2Uqbl2lQFaVKZm3dS0MnG85IIKD/Q==",
      "dependencies": {
        "@tinyhttp/content-disposition": "1.3.0",
        "@tinyhttp/cookie": "1.3.0",
        "@tinyhttp/cookie-signature": "1.3.0",
        "@tinyhttp/encode-url": "0.3.0",
        "@tinyhttp/req": "1.3.1",
        "@tinyhttp/send": "1.3.0",
        "es-mime-types": "^0.0.16",
        "es-vary": "^0.0.8",
        "escape-html": "^1.0.3"
      },
      "engines": {
        "node": ">=12.4.0"
      }
    },
    "node_modules/@tinyhttp/router": {
      "version": "1.3.3",
      "resolved": "https://registry.npmjs.org/@tinyhttp/router/-/router-1.3.3.tgz",
      "integrity": "sha512-Wjch7WR8DDkQm5xeNy4i/RrYQGmNrUhqzqls+UBZW14mULjUUtKoTlDOg59RxsPx2NmzdoDbIW4jTpbw+VyNHg==",
      "engines": {
        "node": ">=12.4.0"
      }
    },
    "node_modules/@tinyhttp/send": {
      "version": "1.3.0",
      "resolved": "https://registry.npmjs.org/@tinyhttp/send/-/send-1.3.0.tgz",
      "integrity": "sha512-3Tn8NaLhNdcIJQqc/3ZBFV0hX6jCaFNDX5/vWxoPubDrh8HOpn2foPXL7ZIRk8GDkaB/M3cSzKIlKpnTKmh0Nw==",
      "dependencies": {
        "@tinyhttp/etag": "1.3.0",
        "es-content-type": "^0.0.10",
        "es-mime-types": "^0.0.16"
      },
      "engines": {
        "node": ">=12.4.0"
      }
    },
    "node_modules/@tinyhttp/type-is": {
      "version": "1.3.0",
      "resolved": "https://registry.npmjs.org/@tinyhttp/type-is/-/type-is-1.3.0.tgz",
      "integrity": "sha512-3NClOYPNJst9vVLcb793epRI+ZuRwl6IjxSq9LkGN8TEBbtNgv2vTmXZRWcUs2zY9Ju+NQIYecWcsG0Kx23E+g==",
      "dependencies": {
        "es-content-type": "^0.0.10",
        "es-mime-types": "^0.0.16"
      },
      "engines": {
        "node": ">=12.4.0"
      }
    },
    "node_modules/@tinyhttp/url": {
      "version": "1.3.1",
      "resolved": "https://registry.npmjs.org/@tinyhttp/url/-/url-1.3.1.tgz",
      "integrity": "sha512-72XRyVFLqbm8C9FQHYgfKNNIZBKuct13/EcA4tPnF9o8dIcL7UJtXCf+kQjdMZPJzJn51c451sxjm5p4dldbvQ==",
      "engines": {
        "node": ">=12.4.0"
      }
    },
    "node_modules/es-content-type": {
      "version": "0.0.10",
      "resolved": "https://registry.npmjs.org/es-content-type/-/es-content-type-0.0.10.tgz",
      "integrity": "sha512-yCgcv1M2IuFUoGZ3zE4OR2INGmZOwEuyaE5WX4MOKGpJcO8JXgVOIcXVicwnTqlxvx6qs9IJGl/Rr1+YtCkRgg==",
      "engines": {
        "node": ">=12.x"
      }
    },
    "node_modules/es-fresh": {
      "version": "0.0.8",
      "resolved": "https://registry.npmjs.org/es-fresh/-/es-fresh-0.0.8.tgz",
      "integrity": "sha512-ZM+K/T/zHJVuOhaz19iymidACazB1fl2uihBtSfRie8YzN1YM+KldVmNaU+GSmVvTOPSO2utKOhxcOinr5tKjw==",
      "engines": {
        "node": ">=12.x"
      }
    },
    "node_modules/es-mime-types": {
      "version": "0.0.16",
      "resolved": "https://registry.npmjs.org/es-mime-types/-/es-mime-types-0.0.16.tgz",
      "integrity": "sha512-84QoSLeA7cdTeHpALFNl3ZOstXfvLt426/kaOgmSxmNUOhi4GesKVkhJgIfnsqGNziYezVA8rvZUsXj7oWX2qQ==",
      "dependencies": {
        "mime-db": "^1.44.0"
      },
      "engines": {
        "node": ">=12.x"
      }
    },
    "node_modules/es-vary": {
      "version": "0.0.8",
      "resolved": "https://registry.npmjs.org/es-vary/-/es-vary-0.0.8.tgz",
      "integrity": "sha512-fiERjQiCHrXUAToNRT/sh7MtXnfei9n7cF9oVQRUEp9L5BGXsTKSPaXq8L+4v0c/ezfvuTWd/f0JSl5IBRUvSg==",
      "engines": {
        "node": ">=12.x"
      }
    },
    "node_modules/escape-html": {
      "version": "1.0.3",
      "resolved": "https://registry.npmjs.org/escape-html/-/escape-html-1.0.3.tgz",
      "integrity": "sha1-Aljq5NPQwJdN4cFpGI7wBR0dGYg="
    },
    "node_modules/ipaddr.js": {
      "version": "2.0.1",
      "resolved": "https://registry.npmjs.org/ipaddr.js/-/ipaddr.js-2.0.1.tgz",
      "integrity": "sha512-1qTgH9NG+IIJ4yfKs2e6Pp1bZg8wbDbKHT21HrLIeYBTRLgMYKnMTPAuI3Lcs61nfx5h1xlXnbJtH1kX5/d/ng==",
      "engines": {
        "node": ">= 10"
      }
    },
    "node_modules/mime": {
      "version": "2.5.2",
      "resolved": "https://registry.npmjs.org/mime/-/mime-2.5.2.tgz",
      "integrity": "sha512-tqkh47FzKeCPD2PUiPB6pkbMzsCasjxAfC62/Wap5qrUWcb+sFasXUC5I3gYM5iBM8v/Qpn4UK0x+j0iHyFPDg==",
      "bin": {
        "mime": "cli.js"
      },
      "engines": {
        "node": ">=4.0.0"
      }
    },
    "node_modules/mime-db": {
      "version": "1.48.0",
      "resolved": "https://registry.npmjs.org/mime-db/-/mime-db-1.48.0.tgz",
      "integrity": "sha512-FM3QwxV+TnZYQ2aRqhlKBMHxk10lTbMt3bBkMAp54ddrNeVSfcQYOOKuGuy3Ddrm38I04If834fOUSq1yzslJQ==",
      "engines": {
        "node": ">= 0.6"
      }
    },
    "node_modules/negotiator": {
      "version": "0.6.2",
      "resolved": "https://registry.npmjs.org/negotiator/-/negotiator-0.6.2.tgz",
      "integrity": "sha512-hZXc7K2e+PgeI1eDBe/10Ard4ekbfrrqG8Ep+8Jmf4JID2bNg7NvCPOZN+kfF574pFQI7mum2AUqDidoKqcTOw==",
      "engines": {
        "node": ">= 0.6"
      }
    },
    "node_modules/range-parser": {
      "version": "1.2.1",
      "resolved": "https://registry.npmjs.org/range-parser/-/range-parser-1.2.1.tgz",
      "integrity": "sha512-Hrgsx+orqoygnmhFbKaHE6c296J+HTAQXoxEF6gNupROmmGJRoyzfG3ccAveqCBrwr/2yxQ5BVd/GTl5agOwSg==",
      "engines": {
        "node": ">= 0.6"
      }
    },
    "node_modules/regexparam": {
      "version": "2.0.0",
      "resolved": "https://registry.npmjs.org/regexparam/-/regexparam-2.0.0.tgz",
      "integrity": "sha512-gJKwd2MVPWHAIFLsaYDZfyKzHNS4o7E/v8YmNf44vmeV2e4YfVoDToTOKTvE7ab68cRJ++kLuEXJBaEeJVt5ow==",
      "engines": {
        "node": ">=8"
      }
    },
    "node_modules/sirv": {
      "version": "1.0.12",
      "resolved": "https://registry.npmjs.org/sirv/-/sirv-1.0.12.tgz",
      "integrity": "sha512-+jQoCxndz7L2tqQL4ZyzfDhky0W/4ZJip3XoOuxyQWnAwMxindLl3Xv1qT4x1YX/re0leShvTm8Uk0kQspGhBg==",
      "dependencies": {
        "@polka/url": "^1.0.0-next.15",
        "mime": "^2.3.1",
        "totalist": "^1.0.0"
      },
      "engines": {
        "node": ">= 10"
      }
    },
    "node_modules/totalist": {
      "version": "1.1.0",
      "resolved": "https://registry.npmjs.org/totalist/-/totalist-1.1.0.tgz",
      "integrity": "sha512-gduQwd1rOdDMGxFG1gEvhV88Oirdo2p+KjoYFU7k2g+i7n6AFFbDQ5kMPUsW0pNbfQsB/cwXvT1i4Bue0s9g5g==",
      "engines": {
        "node": ">=6"
      }
    }
  },
  "dependencies": {
    "@polka/url": {
      "version": "1.0.0-next.15",
      "resolved": "https://registry.npmjs.org/@polka/url/-/url-1.0.0-next.15.tgz",
      "integrity": "sha512-15spi3V28QdevleWBNXE4pIls3nFZmBbUGrW9IVPwiQczuSb9n76TCB4bsk8TSel+I1OkHEdPhu5QKMfY6rQHA=="
    },
    "@tinyhttp/accepts": {
      "version": "1.3.0",
      "resolved": "https://registry.npmjs.org/@tinyhttp/accepts/-/accepts-1.3.0.tgz",
      "integrity": "sha512-YaJ4EMgVUI6JHzWO14lr6vn/BLJEoFN4Sqd20l0/oBcLLENkP8gnPtX1jB7OhIu0AE40VCweAqvSP+0/pgzB1g==",
      "requires": {
        "es-mime-types": "^0.0.16",
        "negotiator": "^0.6.2"
      }
    },
    "@tinyhttp/app": {
      "version": "1.3.8",
      "resolved": "https://registry.npmjs.org/@tinyhttp/app/-/app-1.3.8.tgz",
      "integrity": "sha512-qPM8Ga6B6Z3h3KvFksKaPvS2GfqPcmO22T3/cBrueytmfUlFPbg1hLU67GCrIcHTAPtIotEIJLB5Lc9oN6GkTg==",
      "requires": {
        "@tinyhttp/cookie": "1.3.0",
        "@tinyhttp/proxy-addr": "1.3.0",
        "@tinyhttp/req": "1.3.1",
        "@tinyhttp/res": "1.3.1",
        "@tinyhttp/router": "1.3.3",
        "regexparam": "^2.0.0"
      }
    },
    "@tinyhttp/content-disposition": {
      "version": "1.3.0",
      "resolved": "https://registry.npmjs.org/@tinyhttp/content-disposition/-/content-disposition-1.3.0.tgz",
      "integrity": "sha512-sSj7YDVz7NcHDn6/O/I3WjtC8ZWJKKIGULoV+pgrLvJvtXK5WroE1Fm8rHRQewh2d9NMajh/7NX6NuSlF8LUaQ=="
    },
    "@tinyhttp/cookie": {
      "version": "1.3.0",
      "resolved": "https://registry.npmjs.org/@tinyhttp/cookie/-/cookie-1.3.0.tgz",
      "integrity": "sha512-4ZVfP8WApV9ZRchv/1i0QiKdP0wxWTUNv4ZsMQrqK0p1KXA0/SvpYUTS6bp1E6Yo0dNxcKte4wJ4FCWFDcShhQ=="
    },
    "@tinyhttp/cookie-signature": {
      "version": "1.3.0",
      "resolved": "https://registry.npmjs.org/@tinyhttp/cookie-signature/-/cookie-signature-1.3.0.tgz",
      "integrity": "sha512-xCQZyCT1S/Rn2Z3SX2gp4IDAwW9AUnjky6hKvqzmMaQqEbIk7e2GCOXW5yjndbfGNTJAxj0tuLNMF4G8aLkfMw=="
    },
    "@tinyhttp/encode-url": {
      "version": "0.3.0",
      "resolved": "https://registry.npmjs.org/@tinyhttp/encode-url/-/encode-url-0.3.0.tgz",
      "integrity": "sha512-QM5j5t0GLucBuBePoOilcz1/zDpqX+LtUdtkPn7IvoHTNJYNxEfSUmIMPUPhyVY7mvbwvafPUCK8u1Byx0+NfQ=="
    },
    "@tinyhttp/etag": {
      "version": "1.3.0",
      "resolved": "https://registry.npmjs.org/@tinyhttp/etag/-/etag-1.3.0.tgz",
      "integrity": "sha512-aWnDb4NuMf/UTm1H88rZgqu32E6t3iDHSHtAppiQCH4M7jRfTUEpiZjz//S+giDnOxAuYttLrXQ1+HGpgzyYUQ=="
    },
    "@tinyhttp/forwarded": {
      "version": "1.3.0",
      "resolved": "https://registry.npmjs.org/@tinyhttp/forwarded/-/forwarded-1.3.0.tgz",
      "integrity": "sha512-U2FPtOH+DoFtd98edMRyqiquRaiuEl5I2PMUWdKaBSpiAIR96buyanQ7hScenz1MihK0AVid7wLAviaJU+Xlyg=="
    },
    "@tinyhttp/proxy-addr": {
      "version": "1.3.0",
      "resolved": "https://registry.npmjs.org/@tinyhttp/proxy-addr/-/proxy-addr-1.3.0.tgz",
      "integrity": "sha512-7Kv6YIC/PlhUwyqAGXhg4DoQDOzbYlcGPkNv/KZAMFj9fZ6IEZyneyaClnD21hMT8qa7g3Z/66hxLa/WxiPAYA==",
      "requires": {
        "@tinyhttp/forwarded": "^1.3.0",
        "ipaddr.js": "^2.0.0"
      }
    },
    "@tinyhttp/req": {
      "version": "1.3.1",
      "resolved": "https://registry.npmjs.org/@tinyhttp/req/-/req-1.3.1.tgz",
      "integrity": "sha512-nNIf3OGBtiQ9WRdqAH/cqwRXgIjQi9oQYslHdGsOzu79MZRvbkco+6FUEYvkQ9N6rLfAL+xjAXkCUk+gDJ0eLA==",
      "requires": {
        "@tinyhttp/accepts": "1.3.0",
        "@tinyhttp/type-is": "1.3.0",
        "@tinyhttp/url": "1.3.1",
        "es-fresh": "^0.0.8",
        "range-parser": "^1.2.1"
      }
    },
    "@tinyhttp/res": {
      "version": "1.3.1",
      "resolved": "https://registry.npmjs.org/@tinyhttp/res/-/res-1.3.1.tgz",
      "integrity": "sha512-HwPZ0m5xLpmK/5rePsrUbhdoh+WadG6TTk3TMnyY3OKwtziPKOXA3EV9r2Uqbl2lQFaVKZm3dS0MnG85IIKD/Q==",
      "requires": {
        "@tinyhttp/content-disposition": "1.3.0",
        "@tinyhttp/cookie": "1.3.0",
        "@tinyhttp/cookie-signature": "1.3.0",
        "@tinyhttp/encode-url": "0.3.0",
        "@tinyhttp/req": "1.3.1",
        "@tinyhttp/send": "1.3.0",
        "es-mime-types": "^0.0.16",
        "es-vary": "^0.0.8",
        "escape-html": "^1.0.3"
      }
    },
    "@tinyhttp/router": {
      "version": "1.3.3",
      "resolved": "https://registry.npmjs.org/@tinyhttp/router/-/router-1.3.3.tgz",
      "integrity": "sha512-Wjch7WR8DDkQm5xeNy4i/RrYQGmNrUhqzqls+UBZW14mULjUUtKoTlDOg59RxsPx2NmzdoDbIW4jTpbw+VyNHg=="
    },
    "@tinyhttp/send": {
      "version": "1.3.0",
      "resolved": "https://registry.npmjs.org/@tinyhttp/send/-/send-1.3.0.tgz",
      "integrity": "sha512-3Tn8NaLhNdcIJQqc/3ZBFV0hX6jCaFNDX5/vWxoPubDrh8HOpn2foPXL7ZIRk8GDkaB/M3cSzKIlKpnTKmh0Nw==",
      "requires": {
        "@tinyhttp/etag": "1.3.0",
        "es-content-type": "^0.0.10",
        "es-mime-types": "^0.0.16"
      }
    },
    "@tinyhttp/type-is": {
      "version": "1.3.0",
      "resolved": "https://registry.npmjs.org/@tinyhttp/type-is/-/type-is-1.3.0.tgz",
      "integrity": "sha512-3NClOYPNJst9vVLcb793epRI+ZuRwl6IjxSq9LkGN8TEBbtNgv2vTmXZRWcUs2zY9Ju+NQIYecWcsG0Kx23E+g==",
      "requires": {
        "es-content-type": "^0.0.10",
        "es-mime-types": "^0.0.16"
      }
    },
    "@tinyhttp/url": {
      "version": "1.3.1",
      "resolved": "https://registry.npmjs.org/@tinyhttp/url/-/url-1.3.1.tgz",
      "integrity": "sha512-72XRyVFLqbm8C9FQHYgfKNNIZBKuct13/EcA4tPnF9o8dIcL7UJtXCf+kQjdMZPJzJn51c451sxjm5p4dldbvQ=="
    },
    "es-content-type": {
      "version": "0.0.10",
      "resolved": "https://registry.npmjs.org/es-content-type/-/es-content-type-0.0.10.tgz",
      "integrity": "sha512-yCgcv1M2IuFUoGZ3zE4OR2INGmZOwEuyaE5WX4MOKGpJcO8JXgVOIcXVicwnTqlxvx6qs9IJGl/Rr1+YtCkRgg=="
    },
    "es-fresh": {
      "version": "0.0.8",
      "resolved": "https://registry.npmjs.org/es-fresh/-/es-fresh-0.0.8.tgz",
      "integrity": "sha512-ZM+K/T/zHJVuOhaz19iymidACazB1fl2uihBtSfRie8YzN1YM+KldVmNaU+GSmVvTOPSO2utKOhxcOinr5tKjw=="
    },
    "es-mime-types": {
      "version": "0.0.16",
      "resolved": "https://registry.npmjs.org/es-mime-types/-/es-mime-types-0.0.16.tgz",
      "integrity": "sha512-84QoSLeA7cdTeHpALFNl3ZOstXfvLt426/kaOgmSxmNUOhi4GesKVkhJgIfnsqGNziYezVA8rvZUsXj7oWX2qQ==",
      "requires": {
        "mime-db": "^1.44.0"
      }
    },
    "es-vary": {
      "version": "0.0.8",
      "resolved": "https://registry.npmjs.org/es-vary/-/es-vary-0.0.8.tgz",
      "integrity": "sha512-fiERjQiCHrXUAToNRT/sh7MtXnfei9n7cF9oVQRUEp9L5BGXsTKSPaXq8L+4v0c/ezfvuTWd/f0JSl5IBRUvSg=="
    },
    "escape-html": {
      "version": "1.0.3",
      "resolved": "https://registry.npmjs.org/escape-html/-/escape-html-1.0.3.tgz",
      "integrity": "sha1-Aljq5NPQwJdN4cFpGI7wBR0dGYg="
    },
    "ipaddr.js": {
      "version": "2.0.1",
      "resolved": "https://registry.npmjs.org/ipaddr.js/-/ipaddr.js-2.0.1.tgz",
      "integrity": "sha512-1qTgH9NG+IIJ4yfKs2e6Pp1bZg8wbDbKHT21HrLIeYBTRLgMYKnMTPAuI3Lcs61nfx5h1xlXnbJtH1kX5/d/ng=="
    },
    "mime": {
      "version": "2.5.2",
      "resolved": "https://registry.npmjs.org/mime/-/mime-2.5.2.tgz",
      "integrity": "sha512-tqkh47FzKeCPD2PUiPB6pkbMzsCasjxAfC62/Wap5qrUWcb+sFasXUC5I3gYM5iBM8v/Qpn4UK0x+j0iHyFPDg=="
    },
    "mime-db": {
      "version": "1.48.0",
      "resolved": "https://registry.npmjs.org/mime-db/-/mime-db-1.48.0.tgz",
      "integrity": "sha512-FM3QwxV+TnZYQ2aRqhlKBMHxk10lTbMt3bBkMAp54ddrNeVSfcQYOOKuGuy3Ddrm38I04If834fOUSq1yzslJQ=="
    },
    "negotiator": {
      "version": "0.6.2",
      "resolved": "https://registry.npmjs.org/negotiator/-/negotiator-0.6.2.tgz",
      "integrity": "sha512-hZXc7K2e+PgeI1eDBe/10Ard4ekbfrrqG8Ep+8Jmf4JID2bNg7NvCPOZN+kfF574pFQI7mum2AUqDidoKqcTOw=="
    },
    "range-parser": {
      "version": "1.2.1",
      "resolved": "https://registry.npmjs.org/range-parser/-/range-parser-1.2.1.tgz",
      "integrity": "sha512-Hrgsx+orqoygnmhFbKaHE6c296J+HTAQXoxEF6gNupROmmGJRoyzfG3ccAveqCBrwr/2yxQ5BVd/GTl5agOwSg=="
    },
    "regexparam": {
      "version": "2.0.0",
      "resolved": "https://registry.npmjs.org/regexparam/-/regexparam-2.0.0.tgz",
      "integrity": "sha512-gJKwd2MVPWHAIFLsaYDZfyKzHNS4o7E/v8YmNf44vmeV2e4YfVoDToTOKTvE7ab68cRJ++kLuEXJBaEeJVt5ow=="
    },
    "sirv": {
      "version": "1.0.12",
      "resolved": "https://registry.npmjs.org/sirv/-/sirv-1.0.12.tgz",
      "integrity": "sha512-+jQoCxndz7L2tqQL4ZyzfDhky0W/4ZJip3XoOuxyQWnAwMxindLl3Xv1qT4x1YX/re0leShvTm8Uk0kQspGhBg==",
      "requires": {
        "@polka/url": "^1.0.0-next.15",
        "mime": "^2.3.1",
        "totalist": "^1.0.0"
      }
    },
    "totalist": {
      "version": "1.1.0",
      "resolved": "https://registry.npmjs.org/totalist/-/totalist-1.1.0.tgz",
      "integrity": "sha512-gduQwd1rOdDMGxFG1gEvhV88Oirdo2p+KjoYFU7k2g+i7n6AFFbDQ5kMPUsW0pNbfQsB/cwXvT1i4Bue0s9g5g=="
    }
  }
}
